
Microsoft Visual Studio Solution File, Format Version 12.00
# Visual Studio Version 16
VisualStudioVersion = 16.0.30128.74
MinimumVisualStudioVersion = 10.0.40219.1
Project("{FAE04EC0-301F-11D3-BF4B-00C04F79EFBC}") = "DataGridStyle", "DataGridStyle\DataGridStyle.csproj", "{5D1C0303-A5D2-439C-90F1-4EA564D3A382}"
EndProject
Global
	GlobalSection(SolutionConfigurationPlatforms) = preSolution
		Debug|Any CPU = Debug|Any CPU
		Release|Any CPU = Release|Any CPU
	EndGlobalSection
	GlobalSection(ProjectConfigurationPlatforms) = postSolution
		{5D1C0303-A5D2-439C-90F1-4EA564D3A382}.Debug|Any CPU.ActiveCfg = Debug|Any CPU
		{5D1C0303-A5D2-439C-90F1-4EA564D3A382}.Debug|Any CPU.Build.0 = Debug|Any CPU
		{5D1C0303-A5D2-439C-90F1-4EA564D3A382}.Release|Any CPU.ActiveCfg = Release|Any CPU
		{5D1C0303-A5D2-439C-90F1-4EA564D3A382}.Release|Any CPU.Build.0 = Release|Any CPU
	EndGlobalSection
	GlobalSection(SolutionProperties) = preSolution
		HideSolutionNode = FALSE
	EndGlobalSection
	GlobalSection(ExtensibilityGlobals) = postSolution
		SolutionGuid = {751DC424-334B-4BD0-AB83-12CFE94E718B}
	EndGlobalSection
EndGlobal
